
Microsoft Visual Studio Solution File, Format Version 12.00
# Visual Studio 15
VisualStudioVersion = 15.0.26430.16
MinimumVisualStudioVersion = 10.0.40219.1
Project("{FAE04EC0-301F-11D3-BF4B-00C04F79EFBC}") = "Trains.Mac.Tests", "Trains.Mac.Tests\Trains.Mac.Tests.csproj", "{8B4FD5FF-7BCF-4874-B047-D3153343F411}"
EndProject
Project("{FAE04EC0-301F-11D3-BF4B-00C04F79EFBC}") = "Trains.Mac", "Trains.Mac\Trains.Mac.csproj", "{0F92F7D0-B8EA-41F3-B5A5-B867808B2CCC}"
EndProject
Global
	GlobalSection(SolutionConfigurationPlatforms) = preSolution
		Debug|Any CPU = Debug|Any CPU
		Release|Any CPU = Release|Any CPU
	EndGlobalSection
	GlobalSection(ProjectConfigurationPlatforms) = postSolution
		{8B4FD5FF-7BCF-4874-B047-D3153343F411}.Debug|Any CPU.ActiveCfg = Debug|Any CPU
		{8B4FD5FF-7BCF-4874-B047-D3153343F411}.Debug|Any CPU.Build.0 = Debug|Any CPU
		{8B4FD5FF-7BCF-4874-B047-D3153343F411}.Release|Any CPU.ActiveCfg = Release|Any CPU
		{8B4FD5FF-7BCF-4874-B047-D3153343F411}.Release|Any CPU.Build.0 = Release|Any CPU
		{0F92F7D0-B8EA-41F3-B5A5-B867808B2CCC}.Debug|Any CPU.ActiveCfg = Debug|Any CPU
		{0F92F7D0-B8EA-41F3-B5A5-B867808B2CCC}.Debug|Any CPU.Build.0 = Debug|Any CPU
		{0F92F7D0-B8EA-41F3-B5A5-B867808B2CCC}.Release|Any CPU.ActiveCfg = Release|Any CPU
		{0F92F7D0-B8EA-41F3-B5A5-B867808B2CCC}.Release|Any CPU.Build.0 = Release|Any CPU
	EndGlobalSection
	GlobalSection(SolutionProperties) = preSolution
		HideSolutionNode = FALSE
	EndGlobalSection
EndGlobal
